// !$*UTF8*$!
{
	archiveVersion = 1;
	classes = {
	};
	objectVersion = 50;
	objects = {

/* Begin PBXBuildFile section */
		A1432F5524C69958007656B1 /* ImagePicker.swift in Sources */ = {isa = PBXBuildFile; fileRef = A1432F5424C69958007656B1 /* ImagePicker.swift */; };
		A1503D3A24C4B79900AE317E /* LoginScreen.storyboard in Resources */ = {isa = PBXBuildFile; fileRef = A1503D3924C4B79900AE317E /* LoginScreen.storyboard */; };
		A1503D3C24C4BA9B00AE317E /* LoginController.swift in Sources */ = {isa = PBXBuildFile; fileRef = A1503D3B24C4BA9B00AE317E /* LoginController.swift */; };
		A15C4D1024C502EF00ED0C0E /* Search.storyboard in Resources */ = {isa = PBXBuildFile; fileRef = A15C4D0F24C502EF00ED0C0E /* Search.storyboard */; };
		A15C4D1924C5038C00ED0C0E /* DB_Model.xcdatamodeld in Sources */ = {isa = PBXBuildFile; fileRef = A15C4D1724C5038C00ED0C0E /* DB_Model.xcdatamodeld */; };
		A15C4D1B24C5300A00ED0C0E /* Explorer.storyboard in Resources */ = {isa = PBXBuildFile; fileRef = A15C4D1A24C5300A00ED0C0E /* Explorer.storyboard */; };
		A15C4D1D24C5303200ED0C0E /* Favourites.storyboard in Resources */ = {isa = PBXBuildFile; fileRef = A15C4D1C24C5303200ED0C0E /* Favourites.storyboard */; };
		A15C4D2224C5367400ED0C0E /* TrendingNowCell.swift in Sources */ = {isa = PBXBuildFile; fileRef = A15C4D2024C5367400ED0C0E /* TrendingNowCell.swift */; };
		A15C4D2324C5367400ED0C0E /* TrendingNowCell.xib in Resources */ = {isa = PBXBuildFile; fileRef = A15C4D2124C5367400ED0C0E /* TrendingNowCell.xib */; };
		A15C4D2624C5370C00ED0C0E /* HeaderCell.swift in Sources */ = {isa = PBXBuildFile; fileRef = A15C4D2424C5370C00ED0C0E /* HeaderCell.swift */; };
		A15C4D2724C5370C00ED0C0E /* HeaderCell.xib in Resources */ = {isa = PBXBuildFile; fileRef = A15C4D2524C5370C00ED0C0E /* HeaderCell.xib */; };
		A15C4D2E24C543B100ED0C0E /* CloudKit.framework in Frameworks */ = {isa = PBXBuildFile; fileRef = A15C4D2D24C543B100ED0C0E /* CloudKit.framework */; };
		A165069024C7DCE4005822E7 /* RegisterController.swift in Sources */ = {isa = PBXBuildFile; fileRef = A165068F24C7DCE4005822E7 /* RegisterController.swift */; };
		A165069224C7DD46005822E7 /* SettingScreen.storyboard in Resources */ = {isa = PBXBuildFile; fileRef = A165069124C7DD46005822E7 /* SettingScreen.storyboard */; };
		A1689CE924C7A6AB00A49732 /* SelectFileView.storyboard in Resources */ = {isa = PBXBuildFile; fileRef = A1689CE824C7A6AB00A49732 /* SelectFileView.storyboard */; };
		A1689CEB24C7A6D300A49732 /* SelectFileView.swift in Sources */ = {isa = PBXBuildFile; fileRef = A1689CEA24C7A6D300A49732 /* SelectFileView.swift */; };
		A1689D3424C7B14000A49732 /* SelectViewCell.swift in Sources */ = {isa = PBXBuildFile; fileRef = A1689D3224C7B14000A49732 /* SelectViewCell.swift */; };
		A1689D3524C7B14000A49732 /* SelectViewCell.xib in Resources */ = {isa = PBXBuildFile; fileRef = A1689D3324C7B14000A49732 /* SelectViewCell.xib */; };
		A1689D3724C7B5F200A49732 /* DataManager.swift in Sources */ = {isa = PBXBuildFile; fileRef = A1689D3624C7B5F200A49732 /* DataManager.swift */; };
		A1689D3924C7D67700A49732 /* AlertViewHelper.swift in Sources */ = {isa = PBXBuildFile; fileRef = A1689D3824C7D67700A49732 /* AlertViewHelper.swift */; };
		A1689D3B24C7D76500A49732 /* CoreDataHelper.swift in Sources */ = {isa = PBXBuildFile; fileRef = A1689D3A24C7D76500A49732 /* CoreDataHelper.swift */; };
		A16B44A324B2FBF300053D6C /* AppDelegate.swift in Sources */ = {isa = PBXBuildFile; fileRef = A16B44A224B2FBF300053D6C /* AppDelegate.swift */; };
		A16B44A524B2FBF300053D6C /* SceneDelegate.swift in Sources */ = {isa = PBXBuildFile; fileRef = A16B44A424B2FBF300053D6C /* SceneDelegate.swift */; };
		A16B44A724B2FBF300053D6C /* ExplorerView.swift in Sources */ = {isa = PBXBuildFile; fileRef = A16B44A624B2FBF300053D6C /* ExplorerView.swift */; };
		A16B44A924B2FBF300053D6C /* SearchView.swift in Sources */ = {isa = PBXBuildFile; fileRef = A16B44A824B2FBF300053D6C /* SearchView.swift */; };
		A16B44AC24B2FBF300053D6C /* Main.storyboard in Resources */ = {isa = PBXBuildFile; fileRef = A16B44AA24B2FBF300053D6C /* Main.storyboard */; };
		A16B44AE24B2FBF600053D6C /* Assets.xcassets in Resources */ = {isa = PBXBuildFile; fileRef = A16B44AD24B2FBF600053D6C /* Assets.xcassets */; };
		A16B44B124B2FBF600053D6C /* LaunchScreen.storyboard in Resources */ = {isa = PBXBuildFile; fileRef = A16B44AF24B2FBF600053D6C /* LaunchScreen.storyboard */; };
		A16B44BC24B2FBF700053D6C /* CommunityMC3Tests.swift in Sources */ = {isa = PBXBuildFile; fileRef = A16B44BB24B2FBF700053D6C /* CommunityMC3Tests.swift */; };
		A16B44C724B2FBF700053D6C /* CommunityMC3UITests.swift in Sources */ = {isa = PBXBuildFile; fileRef = A16B44C624B2FBF700053D6C /* CommunityMC3UITests.swift */; };
		A16B44D524B2FC7E00053D6C /* FavouritesView.swift in Sources */ = {isa = PBXBuildFile; fileRef = A16B44D424B2FC7E00053D6C /* FavouritesView.swift */; };
		A1A96B3324BFF12700EF12AB /* Localizable.strings in Resources */ = {isa = PBXBuildFile; fileRef = A1A96B3524BFF12700EF12AB /* Localizable.strings */; };
		A1A96B3824C050F100EF12AB /* SettingController.swift in Sources */ = {isa = PBXBuildFile; fileRef = A1A96B3724C050F100EF12AB /* SettingController.swift */; };
		A1E3FFEE24C6A84500CA2228 /* Test.storyboard in Resources */ = {isa = PBXBuildFile; fileRef = A1E3FFED24C6A84500CA2228 /* Test.storyboard */; };
		A1F9E59024C768AD0029CF0E /* UploadController.swift in Sources */ = {isa = PBXBuildFile; fileRef = A1F9E58F24C768AD0029CF0E /* UploadController.swift */; };
		B73C835F24C7F89C0047B4EC /* FeaturedArtistView.storyboard in Resources */ = {isa = PBXBuildFile; fileRef = B73C835E24C7F89C0047B4EC /* FeaturedArtistView.storyboard */; };
		B73C836124C7F8AC0047B4EC /* FeaturedArtistVC.swift in Sources */ = {isa = PBXBuildFile; fileRef = B73C836024C7F8AC0047B4EC /* FeaturedArtistVC.swift */; };
		B73C836324C7F8BC0047B4EC /* FeaturedVideosView.storyboard in Resources */ = {isa = PBXBuildFile; fileRef = B73C836224C7F8BC0047B4EC /* FeaturedVideosView.storyboard */; };
		B73C836524C7F8CC0047B4EC /* FeaturedVideosVC.swift in Sources */ = {isa = PBXBuildFile; fileRef = B73C836424C7F8CC0047B4EC /* FeaturedVideosVC.swift */; };
		B74C59FB24C6E38D00C978F3 /* FeaturedVideosCell.swift in Sources */ = {isa = PBXBuildFile; fileRef = B74C59F924C6E38D00C978F3 /* FeaturedVideosCell.swift */; };
		B74C59FC24C6E38D00C978F3 /* FeaturedVideosCell.xib in Resources */ = {isa = PBXBuildFile; fileRef = B74C59FA24C6E38D00C978F3 /* FeaturedVideosCell.xib */; };
		B74C5A0024C7070200C978F3 /* TrendingNowList.storyboard in Resources */ = {isa = PBXBuildFile; fileRef = B74C59FF24C7070200C978F3 /* TrendingNowList.storyboard */; };
		B74C5A0224C711FA00C978F3 /* NotificationsVC.swift in Sources */ = {isa = PBXBuildFile; fileRef = B74C5A0124C711FA00C978F3 /* NotificationsVC.swift */; };
		B74C5A0424C713DD00C978F3 /* Notifications.storyboard in Resources */ = {isa = PBXBuildFile; fileRef = B74C5A0324C713DD00C978F3 /* Notifications.storyboard */; };
		B74C5A0624C714AF00C978F3 /* TrendingNowVC.swift in Sources */ = {isa = PBXBuildFile; fileRef = B74C5A0524C714AF00C978F3 /* TrendingNowVC.swift */; };
		B758B53C24C7EFA200826CC5 /* LatestMusicView.storyboard in Resources */ = {isa = PBXBuildFile; fileRef = B758B53B24C7EFA200826CC5 /* LatestMusicView.storyboard */; };
		B758B53E24C7F33900826CC5 /* LatestMusicVC.swift in Sources */ = {isa = PBXBuildFile; fileRef = B758B53D24C7F33900826CC5 /* LatestMusicVC.swift */; };
		B7DAF5DB24C6919D00FC6EFB /* DiscoverNewCell.swift in Sources */ = {isa = PBXBuildFile; fileRef = B7DAF5D924C6919D00FC6EFB /* DiscoverNewCell.swift */; };
		B7DAF5DC24C6919D00FC6EFB /* DiscoverNewCell.xib in Resources */ = {isa = PBXBuildFile; fileRef = B7DAF5DA24C6919D00FC6EFB /* DiscoverNewCell.xib */; };
		B7DAF5DF24C698B400FC6EFB /* LatestMusicCell.swift in Sources */ = {isa = PBXBuildFile; fileRef = B7DAF5DD24C698B400FC6EFB /* LatestMusicCell.swift */; };
		B7DAF5E024C698B400FC6EFB /* LatestMusicCell.xib in Resources */ = {isa = PBXBuildFile; fileRef = B7DAF5DE24C698B400FC6EFB /* LatestMusicCell.xib */; };
		B7DAF5E324C6A6EE00FC6EFB /* FeaturedArtistCell.swift in Sources */ = {isa = PBXBuildFile; fileRef = B7DAF5E124C6A6EE00FC6EFB /* FeaturedArtistCell.swift */; };
		B7DAF5E424C6A6EE00FC6EFB /* FeaturedArtistCell.xib in Resources */ = {isa = PBXBuildFile; fileRef = B7DAF5E224C6A6EE00FC6EFB /* FeaturedArtistCell.xib */; };
		B7DAF5E724C6AA4A00FC6EFB /* FeaturedArtistCollectionCell.swift in Sources */ = {isa = PBXBuildFile; fileRef = B7DAF5E524C6AA4A00FC6EFB /* FeaturedArtistCollectionCell.swift */; };
		B7DAF5E824C6AA4A00FC6EFB /* FeaturedArtistCollectionCell.xib in Resources */ = {isa = PBXBuildFile; fileRef = B7DAF5E624C6AA4A00FC6EFB /* FeaturedArtistCollectionCell.xib */; };
		EA650D5524C557680093EEE6 /* TrackPlayer.storyboard in Resources */ = {isa = PBXBuildFile; fileRef = EA650D5424C557680093EEE6 /* TrackPlayer.storyboard */; };
		EADBB5A524C560F300CD2C92 /* TrackPlayerViewController.swift in Sources */ = {isa = PBXBuildFile; fileRef = EADBB5A424C560F300CD2C92 /* TrackPlayerViewController.swift */; };
		EADBB5AA24C5BB5000CD2C92 /* VideoPlayer.storyboard in Resources */ = {isa = PBXBuildFile; fileRef = EADBB5A924C5BB5000CD2C92 /* VideoPlayer.storyboard */; };
		EADBB5AC24C5BB6E00CD2C92 /* VideoPlayerViewController.swift in Sources */ = {isa = PBXBuildFile; fileRef = EADBB5AB24C5BB6E00CD2C92 /* VideoPlayerViewController.swift */; };
/* End PBXBuildFile section */

/* Begin PBXContainerItemProxy section */
		A16B44B824B2FBF700053D6C /* PBXContainerItemProxy */ = {
			isa = PBXContainerItemProxy;
			containerPortal = A16B449724B2FBF200053D6C /* Project object */;
			proxyType = 1;
			remoteGlobalIDString = A16B449E24B2FBF200053D6C;
			remoteInfo = CommunityMC3;
		};
		A16B44C324B2FBF700053D6C /* PBXContainerItemProxy */ = {
			isa = PBXContainerItemProxy;
			containerPortal = A16B449724B2FBF200053D6C /* Project object */;
			proxyType = 1;
			remoteGlobalIDString = A16B449E24B2FBF200053D6C;
			remoteInfo = CommunityMC3;
		};
/* End PBXContainerItemProxy section */

/* Begin PBXFileReference section */
		A1432F5424C69958007656B1 /* ImagePicker.swift */ = {isa = PBXFileReference; lastKnownFileType = sourcecode.swift; path = ImagePicker.swift; sourceTree = "<group>"; };
		A1503D3924C4B79900AE317E /* LoginScreen.storyboard */ = {isa = PBXFileReference; lastKnownFileType = file.storyboard; path = LoginScreen.storyboard; sourceTree = "<group>"; };
		A1503D3B24C4BA9B00AE317E /* LoginController.swift */ = {isa = PBXFileReference; lastKnownFileType = sourcecode.swift; path = LoginController.swift; sourceTree = "<group>"; };
		A15C4D0F24C502EF00ED0C0E /* Search.storyboard */ = {isa = PBXFileReference; fileEncoding = 4; lastKnownFileType = file.storyboard; path = Search.storyboard; sourceTree = "<group>"; };
		A15C4D1824C5038C00ED0C0E /* DB_Model.xcdatamodel */ = {isa = PBXFileReference; lastKnownFileType = wrapper.xcdatamodel; path = DB_Model.xcdatamodel; sourceTree = "<group>"; };
		A15C4D1A24C5300A00ED0C0E /* Explorer.storyboard */ = {isa = PBXFileReference; fileEncoding = 4; lastKnownFileType = file.storyboard; path = Explorer.storyboard; sourceTree = "<group>"; };
		A15C4D1C24C5303200ED0C0E /* Favourites.storyboard */ = {isa = PBXFileReference; fileEncoding = 4; lastKnownFileType = file.storyboard; path = Favourites.storyboard; sourceTree = "<group>"; };
		A15C4D2024C5367400ED0C0E /* TrendingNowCell.swift */ = {isa = PBXFileReference; lastKnownFileType = sourcecode.swift; path = TrendingNowCell.swift; sourceTree = "<group>"; };
		A15C4D2124C5367400ED0C0E /* TrendingNowCell.xib */ = {isa = PBXFileReference; lastKnownFileType = file.xib; path = TrendingNowCell.xib; sourceTree = "<group>"; };
		A15C4D2424C5370C00ED0C0E /* HeaderCell.swift */ = {isa = PBXFileReference; lastKnownFileType = sourcecode.swift; path = HeaderCell.swift; sourceTree = "<group>"; };
		A15C4D2524C5370C00ED0C0E /* HeaderCell.xib */ = {isa = PBXFileReference; lastKnownFileType = file.xib; path = HeaderCell.xib; sourceTree = "<group>"; };
		A15C4D2D24C543B100ED0C0E /* CloudKit.framework */ = {isa = PBXFileReference; lastKnownFileType = wrapper.framework; name = CloudKit.framework; path = System/Library/Frameworks/CloudKit.framework; sourceTree = SDKROOT; };
		A165068F24C7DCE4005822E7 /* RegisterController.swift */ = {isa = PBXFileReference; fileEncoding = 4; lastKnownFileType = sourcecode.swift; path = RegisterController.swift; sourceTree = "<group>"; };
		A165069124C7DD46005822E7 /* SettingScreen.storyboard */ = {isa = PBXFileReference; fileEncoding = 4; lastKnownFileType = file.storyboard; path = SettingScreen.storyboard; sourceTree = "<group>"; };
		A1689CE824C7A6AB00A49732 /* SelectFileView.storyboard */ = {isa = PBXFileReference; lastKnownFileType = file.storyboard; path = SelectFileView.storyboard; sourceTree = "<group>"; };
		A1689CEA24C7A6D300A49732 /* SelectFileView.swift */ = {isa = PBXFileReference; lastKnownFileType = sourcecode.swift; path = SelectFileView.swift; sourceTree = "<group>"; };
		A1689D3224C7B14000A49732 /* SelectViewCell.swift */ = {isa = PBXFileReference; lastKnownFileType = sourcecode.swift; path = SelectViewCell.swift; sourceTree = "<group>"; };
		A1689D3324C7B14000A49732 /* SelectViewCell.xib */ = {isa = PBXFileReference; lastKnownFileType = file.xib; path = SelectViewCell.xib; sourceTree = "<group>"; };
		A1689D3624C7B5F200A49732 /* DataManager.swift */ = {isa = PBXFileReference; lastKnownFileType = sourcecode.swift; path = DataManager.swift; sourceTree = "<group>"; };
		A1689D3824C7D67700A49732 /* AlertViewHelper.swift */ = {isa = PBXFileReference; lastKnownFileType = sourcecode.swift; path = AlertViewHelper.swift; sourceTree = "<group>"; };
		A1689D3A24C7D76500A49732 /* CoreDataHelper.swift */ = {isa = PBXFileReference; lastKnownFileType = sourcecode.swift; path = CoreDataHelper.swift; sourceTree = "<group>"; };
		A16B449F24B2FBF200053D6C /* CommunityMC3.app */ = {isa = PBXFileReference; explicitFileType = wrapper.application; includeInIndex = 0; path = CommunityMC3.app; sourceTree = BUILT_PRODUCTS_DIR; };
		A16B44A224B2FBF300053D6C /* AppDelegate.swift */ = {isa = PBXFileReference; lastKnownFileType = sourcecode.swift; path = AppDelegate.swift; sourceTree = "<group>"; };
		A16B44A424B2FBF300053D6C /* SceneDelegate.swift */ = {isa = PBXFileReference; lastKnownFileType = sourcecode.swift; path = SceneDelegate.swift; sourceTree = "<group>"; };
		A16B44A624B2FBF300053D6C /* ExplorerView.swift */ = {isa = PBXFileReference; lastKnownFileType = sourcecode.swift; path = ExplorerView.swift; sourceTree = "<group>"; };
		A16B44A824B2FBF300053D6C /* SearchView.swift */ = {isa = PBXFileReference; lastKnownFileType = sourcecode.swift; path = SearchView.swift; sourceTree = "<group>"; };
		A16B44AB24B2FBF300053D6C /* Base */ = {isa = PBXFileReference; lastKnownFileType = file.storyboard; name = Base; path = Base.lproj/Main.storyboard; sourceTree = "<group>"; };
		A16B44AD24B2FBF600053D6C /* Assets.xcassets */ = {isa = PBXFileReference; lastKnownFileType = folder.assetcatalog; path = Assets.xcassets; sourceTree = "<group>"; };
		A16B44B024B2FBF600053D6C /* Base */ = {isa = PBXFileReference; lastKnownFileType = file.storyboard; name = Base; path = Base.lproj/LaunchScreen.storyboard; sourceTree = "<group>"; };
		A16B44B224B2FBF600053D6C /* Info.plist */ = {isa = PBXFileReference; lastKnownFileType = text.plist.xml; path = Info.plist; sourceTree = "<group>"; };
		A16B44B724B2FBF700053D6C /* CommunityMC3Tests.xctest */ = {isa = PBXFileReference; explicitFileType = wrapper.cfbundle; includeInIndex = 0; path = CommunityMC3Tests.xctest; sourceTree = BUILT_PRODUCTS_DIR; };
		A16B44BB24B2FBF700053D6C /* CommunityMC3Tests.swift */ = {isa = PBXFileReference; lastKnownFileType = sourcecode.swift; path = CommunityMC3Tests.swift; sourceTree = "<group>"; };
		A16B44BD24B2FBF700053D6C /* Info.plist */ = {isa = PBXFileReference; lastKnownFileType = text.plist.xml; path = Info.plist; sourceTree = "<group>"; };
		A16B44C224B2FBF700053D6C /* CommunityMC3UITests.xctest */ = {isa = PBXFileReference; explicitFileType = wrapper.cfbundle; includeInIndex = 0; path = CommunityMC3UITests.xctest; sourceTree = BUILT_PRODUCTS_DIR; };
		A16B44C624B2FBF700053D6C /* CommunityMC3UITests.swift */ = {isa = PBXFileReference; lastKnownFileType = sourcecode.swift; path = CommunityMC3UITests.swift; sourceTree = "<group>"; };
		A16B44C824B2FBF700053D6C /* Info.plist */ = {isa = PBXFileReference; lastKnownFileType = text.plist.xml; path = Info.plist; sourceTree = "<group>"; };
		A16B44D424B2FC7E00053D6C /* FavouritesView.swift */ = {isa = PBXFileReference; lastKnownFileType = sourcecode.swift; path = FavouritesView.swift; sourceTree = "<group>"; };
		A1A96B2F24BFEFD400EF12AB /* id */ = {isa = PBXFileReference; lastKnownFileType = text.plist.strings; name = id; path = id.lproj/Main.strings; sourceTree = "<group>"; };
		A1A96B3024BFEFD400EF12AB /* id */ = {isa = PBXFileReference; lastKnownFileType = text.plist.strings; name = id; path = id.lproj/LaunchScreen.strings; sourceTree = "<group>"; };
		A1A96B3424BFF12700EF12AB /* id */ = {isa = PBXFileReference; lastKnownFileType = text.plist.strings; name = id; path = id.lproj/Localizable.strings; sourceTree = "<group>"; };
		A1A96B3624BFF14400EF12AB /* en */ = {isa = PBXFileReference; lastKnownFileType = text.plist.strings; name = en; path = en.lproj/Localizable.strings; sourceTree = "<group>"; };
		A1A96B3724C050F100EF12AB /* SettingController.swift */ = {isa = PBXFileReference; lastKnownFileType = sourcecode.swift; path = SettingController.swift; sourceTree = "<group>"; };
		A1CF317024C4B9E000E38E53 /* CommunityMC3.entitlements */ = {isa = PBXFileReference; lastKnownFileType = text.plist.entitlements; path = CommunityMC3.entitlements; sourceTree = "<group>"; };
		A1E3FFED24C6A84500CA2228 /* Test.storyboard */ = {isa = PBXFileReference; lastKnownFileType = file.storyboard; path = Test.storyboard; sourceTree = "<group>"; };
		A1F9E58F24C768AD0029CF0E /* UploadController.swift */ = {isa = PBXFileReference; lastKnownFileType = sourcecode.swift; path = UploadController.swift; sourceTree = "<group>"; };
		B73C835E24C7F89C0047B4EC /* FeaturedArtistView.storyboard */ = {isa = PBXFileReference; lastKnownFileType = file.storyboard; path = FeaturedArtistView.storyboard; sourceTree = "<group>"; };
		B73C836024C7F8AC0047B4EC /* FeaturedArtistVC.swift */ = {isa = PBXFileReference; lastKnownFileType = sourcecode.swift; path = FeaturedArtistVC.swift; sourceTree = "<group>"; };
		B73C836224C7F8BC0047B4EC /* FeaturedVideosView.storyboard */ = {isa = PBXFileReference; lastKnownFileType = file.storyboard; path = FeaturedVideosView.storyboard; sourceTree = "<group>"; };
		B73C836424C7F8CC0047B4EC /* FeaturedVideosVC.swift */ = {isa = PBXFileReference; lastKnownFileType = sourcecode.swift; path = FeaturedVideosVC.swift; sourceTree = "<group>"; };
		B74C59F924C6E38D00C978F3 /* FeaturedVideosCell.swift */ = {isa = PBXFileReference; lastKnownFileType = sourcecode.swift; path = FeaturedVideosCell.swift; sourceTree = "<group>"; };
		B74C59FA24C6E38D00C978F3 /* FeaturedVideosCell.xib */ = {isa = PBXFileReference; lastKnownFileType = file.xib; path = FeaturedVideosCell.xib; sourceTree = "<group>"; };
		B74C59FF24C7070200C978F3 /* TrendingNowList.storyboard */ = {isa = PBXFileReference; lastKnownFileType = file.storyboard; path = TrendingNowList.storyboard; sourceTree = "<group>"; };
		B74C5A0124C711FA00C978F3 /* NotificationsVC.swift */ = {isa = PBXFileReference; lastKnownFileType = sourcecode.swift; path = NotificationsVC.swift; sourceTree = "<group>"; };
		B74C5A0324C713DD00C978F3 /* Notifications.storyboard */ = {isa = PBXFileReference; lastKnownFileType = file.storyboard; path = Notifications.storyboard; sourceTree = "<group>"; };
		B74C5A0524C714AF00C978F3 /* TrendingNowVC.swift */ = {isa = PBXFileReference; lastKnownFileType = sourcecode.swift; path = TrendingNowVC.swift; sourceTree = "<group>"; };
		B758B53B24C7EFA200826CC5 /* LatestMusicView.storyboard */ = {isa = PBXFileReference; lastKnownFileType = file.storyboard; path = LatestMusicView.storyboard; sourceTree = "<group>"; };
		B758B53D24C7F33900826CC5 /* LatestMusicVC.swift */ = {isa = PBXFileReference; lastKnownFileType = sourcecode.swift; path = LatestMusicVC.swift; sourceTree = "<group>"; };
		B7DAF5D924C6919D00FC6EFB /* DiscoverNewCell.swift */ = {isa = PBXFileReference; lastKnownFileType = sourcecode.swift; path = DiscoverNewCell.swift; sourceTree = "<group>"; };
		B7DAF5DA24C6919D00FC6EFB /* DiscoverNewCell.xib */ = {isa = PBXFileReference; lastKnownFileType = file.xib; path = DiscoverNewCell.xib; sourceTree = "<group>"; };
		B7DAF5DD24C698B400FC6EFB /* LatestMusicCell.swift */ = {isa = PBXFileReference; lastKnownFileType = sourcecode.swift; path = LatestMusicCell.swift; sourceTree = "<group>"; };
		B7DAF5DE24C698B400FC6EFB /* LatestMusicCell.xib */ = {isa = PBXFileReference; lastKnownFileType = file.xib; path = LatestMusicCell.xib; sourceTree = "<group>"; };
		B7DAF5E124C6A6EE00FC6EFB /* FeaturedArtistCell.swift */ = {isa = PBXFileReference; lastKnownFileType = sourcecode.swift; path = FeaturedArtistCell.swift; sourceTree = "<group>"; };
		B7DAF5E224C6A6EE00FC6EFB /* FeaturedArtistCell.xib */ = {isa = PBXFileReference; lastKnownFileType = file.xib; path = FeaturedArtistCell.xib; sourceTree = "<group>"; };
		B7DAF5E524C6AA4A00FC6EFB /* FeaturedArtistCollectionCell.swift */ = {isa = PBXFileReference; lastKnownFileType = sourcecode.swift; path = FeaturedArtistCollectionCell.swift; sourceTree = "<group>"; };
		B7DAF5E624C6AA4A00FC6EFB /* FeaturedArtistCollectionCell.xib */ = {isa = PBXFileReference; lastKnownFileType = file.xib; path = FeaturedArtistCollectionCell.xib; sourceTree = "<group>"; };
		EA650D5424C557680093EEE6 /* TrackPlayer.storyboard */ = {isa = PBXFileReference; lastKnownFileType = file.storyboard; path = TrackPlayer.storyboard; sourceTree = "<group>"; };
		EADBB5A424C560F300CD2C92 /* TrackPlayerViewController.swift */ = {isa = PBXFileReference; lastKnownFileType = sourcecode.swift; path = TrackPlayerViewController.swift; sourceTree = "<group>"; };
		EADBB5A924C5BB5000CD2C92 /* VideoPlayer.storyboard */ = {isa = PBXFileReference; lastKnownFileType = file.storyboard; path = VideoPlayer.storyboard; sourceTree = "<group>"; };
		EADBB5AB24C5BB6E00CD2C92 /* VideoPlayerViewController.swift */ = {isa = PBXFileReference; lastKnownFileType = sourcecode.swift; path = VideoPlayerViewController.swift; sourceTree = "<group>"; };
/* End PBXFileReference section */

/* Begin PBXFrameworksBuildPhase section */
		A16B449C24B2FBF200053D6C /* Frameworks */ = {
			isa = PBXFrameworksBuildPhase;
			buildActionMask = 2147483647;
			files = (
				A15C4D2E24C543B100ED0C0E /* CloudKit.framework in Frameworks */,
			);
			runOnlyForDeploymentPostprocessing = 0;
		};
		A16B44B424B2FBF700053D6C /* Frameworks */ = {
			isa = PBXFrameworksBuildPhase;
			buildActionMask = 2147483647;
			files = (
			);
			runOnlyForDeploymentPostprocessing = 0;
		};
		A16B44BF24B2FBF700053D6C /* Frameworks */ = {
			isa = PBXFrameworksBuildPhase;
			buildActionMask = 2147483647;
			files = (
			);
			runOnlyForDeploymentPostprocessing = 0;
		};
/* End PBXFrameworksBuildPhase section */

/* Begin PBXGroup section */
		A1432F5324C69879007656B1 /* Utilities */ = {
			isa = PBXGroup;
			children = (
				A1432F5424C69958007656B1 /* ImagePicker.swift */,
				A1689D3A24C7D76500A49732 /* CoreDataHelper.swift */,
				A1689D3824C7D67700A49732 /* AlertViewHelper.swift */,
			);
			path = Utilities;
			sourceTree = "<group>";
		};
		A15C4D1424C5032700ED0C0E /* Favourites View */ = {
			isa = PBXGroup;
			children = (
				A15C4D1C24C5303200ED0C0E /* Favourites.storyboard */,
				A16B44D424B2FC7E00053D6C /* FavouritesView.swift */,
			);
			path = "Favourites View";
			sourceTree = "<group>";
		};
		A15C4D1524C5033800ED0C0E /* SearchView */ = {
			isa = PBXGroup;
			children = (
				A15C4D0F24C502EF00ED0C0E /* Search.storyboard */,
				A16B44A824B2FBF300053D6C /* SearchView.swift */,
			);
			path = SearchView;
			sourceTree = "<group>";
		};
		A15C4D1624C5034A00ED0C0E /* Explorer View */ = {
			isa = PBXGroup;
			children = (
				B7A0BADF24C6D4BA00292AA3 /* Trending Now */,
				B7A0BADD24C6D4B100292AA3 /* Discover New */,
				B7A0BADC24C6D49600292AA3 /* Latest Music */,
				B7A0BAE024C6D4D200292AA3 /* Featured Artists */,
				B74C59F824C6E35B00C978F3 /* Featured Videos */,
				A15C4D1A24C5300A00ED0C0E /* Explorer.storyboard */,
				A16B44A624B2FBF300053D6C /* ExplorerView.swift */,
				A15C4D2424C5370C00ED0C0E /* HeaderCell.swift */,
				A15C4D2524C5370C00ED0C0E /* HeaderCell.xib */,
				B74C5A0124C711FA00C978F3 /* NotificationsVC.swift */,
				B74C5A0324C713DD00C978F3 /* Notifications.storyboard */,
			);
			path = "Explorer View";
			sourceTree = "<group>";
		};
		A15C4D2C24C543B100ED0C0E /* Frameworks */ = {
			isa = PBXGroup;
			children = (
				A15C4D2D24C543B100ED0C0E /* CloudKit.framework */,
			);
			name = Frameworks;
			sourceTree = "<group>";
		};
		A1689CE724C7A69300A49732 /* SelectFile View */ = {
			isa = PBXGroup;
			children = (
				A1689CE824C7A6AB00A49732 /* SelectFileView.storyboard */,
				A1689CEA24C7A6D300A49732 /* SelectFileView.swift */,
				A1689D3224C7B14000A49732 /* SelectViewCell.swift */,
				A1689D3324C7B14000A49732 /* SelectViewCell.xib */,
			);
			path = "SelectFile View";
			sourceTree = "<group>";
		};
		A1689D3C24C7D7D800A49732 /* Data */ = {
			isa = PBXGroup;
			children = (
			);
			path = Data;
			sourceTree = "<group>";
		};
		A1689D3D24C7D7EE00A49732 /* Manager */ = {
			isa = PBXGroup;
			children = (
				A1689D3624C7B5F200A49732 /* DataManager.swift */,
			);
			path = Manager;
			sourceTree = "<group>";
		};
		A16B449624B2FBF200053D6C = {
			isa = PBXGroup;
			children = (
				A16B44A124B2FBF300053D6C /* CommunityMC3 */,
				A16B44BA24B2FBF700053D6C /* CommunityMC3Tests */,
				A16B44C524B2FBF700053D6C /* CommunityMC3UITests */,
				A16B44A024B2FBF200053D6C /* Products */,
				A15C4D2C24C543B100ED0C0E /* Frameworks */,
			);
			sourceTree = "<group>";
		};
		A16B44A024B2FBF200053D6C /* Products */ = {
			isa = PBXGroup;
			children = (
				A16B449F24B2FBF200053D6C /* CommunityMC3.app */,
				A16B44B724B2FBF700053D6C /* CommunityMC3Tests.xctest */,
				A16B44C224B2FBF700053D6C /* CommunityMC3UITests.xctest */,
			);
			name = Products;
			sourceTree = "<group>";
		};
		A16B44A124B2FBF300053D6C /* CommunityMC3 */ = {
			isa = PBXGroup;
			children = (
				A1689CE724C7A69300A49732 /* SelectFile View */,
				A1E3FFEF24C6A8CB00CA2228 /* Test */,
				A1432F5324C69879007656B1 /* Utilities */,
				A1689D3D24C7D7EE00A49732 /* Manager */,
				A1689D3C24C7D7D800A49732 /* Data */,
				EADBB5A824C5BB2F00CD2C92 /* VideoPlayer View */,
				EA14E8FE24C557090021DF77 /* TrackPlayer View */,
				A1C0EBB424C54EED008D8D8F /* Setting View */,
				A1C0EBB324C54ED9008D8D8F /* Login View */,
				A15C4D1424C5032700ED0C0E /* Favourites View */,
				A15C4D1524C5033800ED0C0E /* SearchView */,
				A15C4D1624C5034A00ED0C0E /* Explorer View */,
				A16B44A224B2FBF300053D6C /* AppDelegate.swift */,
				A16B44A424B2FBF300053D6C /* SceneDelegate.swift */,
				A16B44AA24B2FBF300053D6C /* Main.storyboard */,
				A16B44AD24B2FBF600053D6C /* Assets.xcassets */,
				A16B44AF24B2FBF600053D6C /* LaunchScreen.storyboard */,
				A16B44B224B2FBF600053D6C /* Info.plist */,
				A1A96B3524BFF12700EF12AB /* Localizable.strings */,
				A15C4D1724C5038C00ED0C0E /* DB_Model.xcdatamodeld */,
				A1CF317024C4B9E000E38E53 /* CommunityMC3.entitlements */,
				A1F9E58F24C768AD0029CF0E /* UploadController.swift */,
			);
			path = CommunityMC3;
			sourceTree = "<group>";
		};
		A16B44BA24B2FBF700053D6C /* CommunityMC3Tests */ = {
			isa = PBXGroup;
			children = (
				A16B44BB24B2FBF700053D6C /* CommunityMC3Tests.swift */,
				A16B44BD24B2FBF700053D6C /* Info.plist */,
			);
			path = CommunityMC3Tests;
			sourceTree = "<group>";
		};
		A16B44C524B2FBF700053D6C /* CommunityMC3UITests */ = {
			isa = PBXGroup;
			children = (
				A16B44C624B2FBF700053D6C /* CommunityMC3UITests.swift */,
				A16B44C824B2FBF700053D6C /* Info.plist */,
			);
			path = CommunityMC3UITests;
			sourceTree = "<group>";
		};
		A1C0EBB324C54ED9008D8D8F /* Login View */ = {
			isa = PBXGroup;
			children = (
				A165068F24C7DCE4005822E7 /* RegisterController.swift */,
				A1503D3924C4B79900AE317E /* LoginScreen.storyboard */,
				A1503D3B24C4BA9B00AE317E /* LoginController.swift */,
			);
			path = "Login View";
			sourceTree = "<group>";
		};
		A1C0EBB424C54EED008D8D8F /* Setting View */ = {
			isa = PBXGroup;
			children = (
				A165069124C7DD46005822E7 /* SettingScreen.storyboard */,
				A1A96B3724C050F100EF12AB /* SettingController.swift */,
			);
			path = "Setting View";
			sourceTree = "<group>";
		};
		A1E3FFEF24C6A8CB00CA2228 /* Test */ = {
			isa = PBXGroup;
			children = (
				A1E3FFED24C6A84500CA2228 /* Test.storyboard */,
			);
			path = Test;
			sourceTree = "<group>";
		};
		B74C59F824C6E35B00C978F3 /* Featured Videos */ = {
			isa = PBXGroup;
			children = (
				B74C59F924C6E38D00C978F3 /* FeaturedVideosCell.swift */,
				B74C59FA24C6E38D00C978F3 /* FeaturedVideosCell.xib */,
				B73C836224C7F8BC0047B4EC /* FeaturedVideosView.storyboard */,
				B73C836424C7F8CC0047B4EC /* FeaturedVideosVC.swift */,
			);
			path = "Featured Videos";
			sourceTree = "<group>";
		};
		B7A0BADC24C6D49600292AA3 /* Latest Music */ = {
			isa = PBXGroup;
			children = (
				B7DAF5DD24C698B400FC6EFB /* LatestMusicCell.swift */,
				B7DAF5DE24C698B400FC6EFB /* LatestMusicCell.xib */,
				B758B53B24C7EFA200826CC5 /* LatestMusicView.storyboard */,
				B758B53D24C7F33900826CC5 /* LatestMusicVC.swift */,
			);
			path = "Latest Music";
			sourceTree = "<group>";
		};
		B7A0BADD24C6D4B100292AA3 /* Discover New */ = {
			isa = PBXGroup;
			children = (
				B7DAF5D924C6919D00FC6EFB /* DiscoverNewCell.swift */,
				B7DAF5DA24C6919D00FC6EFB /* DiscoverNewCell.xib */,
			);
			path = "Discover New";
			sourceTree = "<group>";
		};
		B7A0BADF24C6D4BA00292AA3 /* Trending Now */ = {
			isa = PBXGroup;
			children = (
				A15C4D2024C5367400ED0C0E /* TrendingNowCell.swift */,
				A15C4D2124C5367400ED0C0E /* TrendingNowCell.xib */,
				B74C59FF24C7070200C978F3 /* TrendingNowList.storyboard */,
				B74C5A0524C714AF00C978F3 /* TrendingNowVC.swift */,
			);
			path = "Trending Now";
			sourceTree = "<group>";
		};
		B7A0BAE024C6D4D200292AA3 /* Featured Artists */ = {
			isa = PBXGroup;
			children = (
				B7DAF5E124C6A6EE00FC6EFB /* FeaturedArtistCell.swift */,
				B7DAF5E224C6A6EE00FC6EFB /* FeaturedArtistCell.xib */,
				B7DAF5E524C6AA4A00FC6EFB /* FeaturedArtistCollectionCell.swift */,
				B7DAF5E624C6AA4A00FC6EFB /* FeaturedArtistCollectionCell.xib */,
				B73C835E24C7F89C0047B4EC /* FeaturedArtistView.storyboard */,
				B73C836024C7F8AC0047B4EC /* FeaturedArtistVC.swift */,
			);
			path = "Featured Artists";
			sourceTree = "<group>";
		};
		EA14E8FE24C557090021DF77 /* TrackPlayer View */ = {
			isa = PBXGroup;
			children = (
				EA650D5424C557680093EEE6 /* TrackPlayer.storyboard */,
				EADBB5A424C560F300CD2C92 /* TrackPlayerViewController.swift */,
			);
			path = "TrackPlayer View";
			sourceTree = "<group>";
		};
		EADBB5A824C5BB2F00CD2C92 /* VideoPlayer View */ = {
			isa = PBXGroup;
			children = (
				EADBB5A924C5BB5000CD2C92 /* VideoPlayer.storyboard */,
				EADBB5AB24C5BB6E00CD2C92 /* VideoPlayerViewController.swift */,
			);
			path = "VideoPlayer View";
			sourceTree = "<group>";
		};
/* End PBXGroup section */

/* Begin PBXNativeTarget section */
		A16B449E24B2FBF200053D6C /* CommunityMC3 */ = {
			isa = PBXNativeTarget;
			buildConfigurationList = A16B44CB24B2FBF700053D6C /* Build configuration list for PBXNativeTarget "CommunityMC3" */;
			buildPhases = (
				A16B449B24B2FBF200053D6C /* Sources */,
				A16B449C24B2FBF200053D6C /* Frameworks */,
				A16B449D24B2FBF200053D6C /* Resources */,
			);
			buildRules = (
			);
			dependencies = (
			);
			name = CommunityMC3;
			productName = CommunityMC3;
			productReference = A16B449F24B2FBF200053D6C /* CommunityMC3.app */;
			productType = "com.apple.product-type.application";
		};
		A16B44B624B2FBF700053D6C /* CommunityMC3Tests */ = {
			isa = PBXNativeTarget;
			buildConfigurationList = A16B44CE24B2FBF700053D6C /* Build configuration list for PBXNativeTarget "CommunityMC3Tests" */;
			buildPhases = (
				A16B44B324B2FBF700053D6C /* Sources */,
				A16B44B424B2FBF700053D6C /* Frameworks */,
				A16B44B524B2FBF700053D6C /* Resources */,
			);
			buildRules = (
			);
			dependencies = (
				A16B44B924B2FBF700053D6C /* PBXTargetDependency */,
			);
			name = CommunityMC3Tests;
			productName = CommunityMC3Tests;
			productReference = A16B44B724B2FBF700053D6C /* CommunityMC3Tests.xctest */;
			productType = "com.apple.product-type.bundle.unit-test";
		};
		A16B44C124B2FBF700053D6C /* CommunityMC3UITests */ = {
			isa = PBXNativeTarget;
			buildConfigurationList = A16B44D124B2FBF700053D6C /* Build configuration list for PBXNativeTarget "CommunityMC3UITests" */;
			buildPhases = (
				A16B44BE24B2FBF700053D6C /* Sources */,
				A16B44BF24B2FBF700053D6C /* Frameworks */,
				A16B44C024B2FBF700053D6C /* Resources */,
			);
			buildRules = (
			);
			dependencies = (
				A16B44C424B2FBF700053D6C /* PBXTargetDependency */,
			);
			name = CommunityMC3UITests;
			productName = CommunityMC3UITests;
			productReference = A16B44C224B2FBF700053D6C /* CommunityMC3UITests.xctest */;
			productType = "com.apple.product-type.bundle.ui-testing";
		};
/* End PBXNativeTarget section */

/* Begin PBXProject section */
		A16B449724B2FBF200053D6C /* Project object */ = {
			isa = PBXProject;
			attributes = {
				LastSwiftUpdateCheck = 1130;
				LastUpgradeCheck = 1130;
				ORGANIZATIONNAME = "Apple Developer Academy";
				TargetAttributes = {
					A16B449E24B2FBF200053D6C = {
						CreatedOnToolsVersion = 11.3.1;
					};
					A16B44B624B2FBF700053D6C = {
						CreatedOnToolsVersion = 11.3.1;
						TestTargetID = A16B449E24B2FBF200053D6C;
					};
					A16B44C124B2FBF700053D6C = {
						CreatedOnToolsVersion = 11.3.1;
						TestTargetID = A16B449E24B2FBF200053D6C;
					};
				};
			};
			buildConfigurationList = A16B449A24B2FBF200053D6C /* Build configuration list for PBXProject "CommunityMC3" */;
			compatibilityVersion = "Xcode 9.3";
			developmentRegion = en;
			hasScannedForEncodings = 0;
			knownRegions = (
				en,
				Base,
				id,
			);
			mainGroup = A16B449624B2FBF200053D6C;
			productRefGroup = A16B44A024B2FBF200053D6C /* Products */;
			projectDirPath = "";
			projectRoot = "";
			targets = (
				A16B449E24B2FBF200053D6C /* CommunityMC3 */,
				A16B44B624B2FBF700053D6C /* CommunityMC3Tests */,
				A16B44C124B2FBF700053D6C /* CommunityMC3UITests */,
			);
		};
/* End PBXProject section */

/* Begin PBXResourcesBuildPhase section */
		A16B449D24B2FBF200053D6C /* Resources */ = {
			isa = PBXResourcesBuildPhase;
			buildActionMask = 2147483647;
			files = (
				A1689D3524C7B14000A49732 /* SelectViewCell.xib in Resources */,
				A15C4D2724C5370C00ED0C0E /* HeaderCell.xib in Resources */,
				B758B53C24C7EFA200826CC5 /* LatestMusicView.storyboard in Resources */,
				B74C59FC24C6E38D00C978F3 /* FeaturedVideosCell.xib in Resources */,
				A16B44B124B2FBF600053D6C /* LaunchScreen.storyboard in Resources */,
				A1A96B3324BFF12700EF12AB /* Localizable.strings in Resources */,
				A15C4D1B24C5300A00ED0C0E /* Explorer.storyboard in Resources */,
				A15C4D1D24C5303200ED0C0E /* Favourites.storyboard in Resources */,
				A1E3FFEE24C6A84500CA2228 /* Test.storyboard in Resources */,
				B73C836324C7F8BC0047B4EC /* FeaturedVideosView.storyboard in Resources */,
				A16B44AE24B2FBF600053D6C /* Assets.xcassets in Resources */,
				A1503D3A24C4B79900AE317E /* LoginScreen.storyboard in Resources */,
				EADBB5AA24C5BB5000CD2C92 /* VideoPlayer.storyboard in Resources */,
				B7DAF5E024C698B400FC6EFB /* LatestMusicCell.xib in Resources */,
				B7DAF5E824C6AA4A00FC6EFB /* FeaturedArtistCollectionCell.xib in Resources */,
				B7DAF5E424C6A6EE00FC6EFB /* FeaturedArtistCell.xib in Resources */,
				B74C5A0024C7070200C978F3 /* TrendingNowList.storyboard in Resources */,
				A16B44AC24B2FBF300053D6C /* Main.storyboard in Resources */,
				A165069224C7DD46005822E7 /* SettingScreen.storyboard in Resources */,
				A15C4D2324C5367400ED0C0E /* TrendingNowCell.xib in Resources */,
				B73C835F24C7F89C0047B4EC /* FeaturedArtistView.storyboard in Resources */,
				B7DAF5DC24C6919D00FC6EFB /* DiscoverNewCell.xib in Resources */,
				B74C5A0424C713DD00C978F3 /* Notifications.storyboard in Resources */,
				A15C4D1024C502EF00ED0C0E /* Search.storyboard in Resources */,
				EA650D5524C557680093EEE6 /* TrackPlayer.storyboard in Resources */,
				A1689CE924C7A6AB00A49732 /* SelectFileView.storyboard in Resources */,
			);
			runOnlyForDeploymentPostprocessing = 0;
		};
		A16B44B524B2FBF700053D6C /* Resources */ = {
			isa = PBXResourcesBuildPhase;
			buildActionMask = 2147483647;
			files = (
			);
			runOnlyForDeploymentPostprocessing = 0;
		};
		A16B44C024B2FBF700053D6C /* Resources */ = {
			isa = PBXResourcesBuildPhase;
			buildActionMask = 2147483647;
			files = (
			);
			runOnlyForDeploymentPostprocessing = 0;
		};
/* End PBXResourcesBuildPhase section */

/* Begin PBXSourcesBuildPhase section */
		A16B449B24B2FBF200053D6C /* Sources */ = {
			isa = PBXSourcesBuildPhase;
			buildActionMask = 2147483647;
			files = (
				B7DAF5E724C6AA4A00FC6EFB /* FeaturedArtistCollectionCell.swift in Sources */,
				B74C5A0624C714AF00C978F3 /* TrendingNowVC.swift in Sources */,
				B73C836124C7F8AC0047B4EC /* FeaturedArtistVC.swift in Sources */,
				B74C5A0224C711FA00C978F3 /* NotificationsVC.swift in Sources */,
				A1A96B3824C050F100EF12AB /* SettingController.swift in Sources */,
				A1689CEB24C7A6D300A49732 /* SelectFileView.swift in Sources */,
				B74C59FB24C6E38D00C978F3 /* FeaturedVideosCell.swift in Sources */,
				A15C4D2224C5367400ED0C0E /* TrendingNowCell.swift in Sources */,
				A1432F5524C69958007656B1 /* ImagePicker.swift in Sources */,
				A1F9E59024C768AD0029CF0E /* UploadController.swift in Sources */,
				B7DAF5E324C6A6EE00FC6EFB /* FeaturedArtistCell.swift in Sources */,
				A16B44A924B2FBF300053D6C /* SearchView.swift in Sources */,
				B73C836524C7F8CC0047B4EC /* FeaturedVideosVC.swift in Sources */,
				A16B44A724B2FBF300053D6C /* ExplorerView.swift in Sources */,
				A16B44D524B2FC7E00053D6C /* FavouritesView.swift in Sources */,
				A15C4D2624C5370C00ED0C0E /* HeaderCell.swift in Sources */,
				A1689D3924C7D67700A49732 /* AlertViewHelper.swift in Sources */,
				A1689D3724C7B5F200A49732 /* DataManager.swift in Sources */,
				A16B44A324B2FBF300053D6C /* AppDelegate.swift in Sources */,
				B758B53E24C7F33900826CC5 /* LatestMusicVC.swift in Sources */,
				A1689D3424C7B14000A49732 /* SelectViewCell.swift in Sources */,
				A1689D3B24C7D76500A49732 /* CoreDataHelper.swift in Sources */,
				A16B44A524B2FBF300053D6C /* SceneDelegate.swift in Sources */,
				A15C4D1924C5038C00ED0C0E /* DB_Model.xcdatamodeld in Sources */,
				B7DAF5DB24C6919D00FC6EFB /* DiscoverNewCell.swift in Sources */,
				EADBB5AC24C5BB6E00CD2C92 /* VideoPlayerViewController.swift in Sources */,
				A1503D3C24C4BA9B00AE317E /* LoginController.swift in Sources */,
				B7DAF5DF24C698B400FC6EFB /* LatestMusicCell.swift in Sources */,
				EADBB5A524C560F300CD2C92 /* TrackPlayerViewController.swift in Sources */,
				A165069024C7DCE4005822E7 /* RegisterController.swift in Sources */,
			);
			runOnlyForDeploymentPostprocessing = 0;
		};
		A16B44B324B2FBF700053D6C /* Sources */ = {
			isa = PBXSourcesBuildPhase;
			buildActionMask = 2147483647;
			files = (
				A16B44BC24B2FBF700053D6C /* CommunityMC3Tests.swift in Sources */,
			);
			runOnlyForDeploymentPostprocessing = 0;
		};
		A16B44BE24B2FBF700053D6C /* Sources */ = {
			isa = PBXSourcesBuildPhase;
			buildActionMask = 2147483647;
			files = (
				A16B44C724B2FBF700053D6C /* CommunityMC3UITests.swift in Sources */,
			);
			runOnlyForDeploymentPostprocessing = 0;
		};
/* End PBXSourcesBuildPhase section */

/* Begin PBXTargetDependency section */
		A16B44B924B2FBF700053D6C /* PBXTargetDependency */ = {
			isa = PBXTargetDependency;
			target = A16B449E24B2FBF200053D6C /* CommunityMC3 */;
			targetProxy = A16B44B824B2FBF700053D6C /* PBXContainerItemProxy */;
		};
		A16B44C424B2FBF700053D6C /* PBXTargetDependency */ = {
			isa = PBXTargetDependency;
			target = A16B449E24B2FBF200053D6C /* CommunityMC3 */;
			targetProxy = A16B44C324B2FBF700053D6C /* PBXContainerItemProxy */;
		};
/* End PBXTargetDependency section */

/* Begin PBXVariantGroup section */
		A16B44AA24B2FBF300053D6C /* Main.storyboard */ = {
			isa = PBXVariantGroup;
			children = (
				A16B44AB24B2FBF300053D6C /* Base */,
				A1A96B2F24BFEFD400EF12AB /* id */,
			);
			name = Main.storyboard;
			sourceTree = "<group>";
		};
		A16B44AF24B2FBF600053D6C /* LaunchScreen.storyboard */ = {
			isa = PBXVariantGroup;
			children = (
				A16B44B024B2FBF600053D6C /* Base */,
				A1A96B3024BFEFD400EF12AB /* id */,
			);
			name = LaunchScreen.storyboard;
			sourceTree = "<group>";
		};
		A1A96B3524BFF12700EF12AB /* Localizable.strings */ = {
			isa = PBXVariantGroup;
			children = (
				A1A96B3424BFF12700EF12AB /* id */,
				A1A96B3624BFF14400EF12AB /* en */,
			);
			name = Localizable.strings;
			sourceTree = "<group>";
		};
/* End PBXVariantGroup section */

/* Begin XCBuildConfiguration section */
		A16B44C924B2FBF700053D6C /* Debug */ = {
			isa = XCBuildConfiguration;
			buildSettings = {
				ALWAYS_SEARCH_USER_PATHS = NO;
				CLANG_ANALYZER_LOCALIZABILITY_NONLOCALIZED = YES;
				CLANG_ANALYZER_NONNULL = YES;
				CLANG_ANALYZER_NUMBER_OBJECT_CONVERSION = YES_AGGRESSIVE;
				CLANG_CXX_LANGUAGE_STANDARD = "gnu++14";
				CLANG_CXX_LIBRARY = "libc++";
				CLANG_ENABLE_MODULES = YES;
				CLANG_ENABLE_OBJC_ARC = YES;
				CLANG_ENABLE_OBJC_WEAK = YES;
				CLANG_WARN_BLOCK_CAPTURE_AUTORELEASING = YES;
				CLANG_WARN_BOOL_CONVERSION = YES;
				CLANG_WARN_COMMA = YES;
				CLANG_WARN_CONSTANT_CONVERSION = YES;
				CLANG_WARN_DEPRECATED_OBJC_IMPLEMENTATIONS = YES;
				CLANG_WARN_DIRECT_OBJC_ISA_USAGE = YES_ERROR;
				CLANG_WARN_DOCUMENTATION_COMMENTS = YES;
				CLANG_WARN_EMPTY_BODY = YES;
				CLANG_WARN_ENUM_CONVERSION = YES;
				CLANG_WARN_INFINITE_RECURSION = YES;
				CLANG_WARN_INT_CONVERSION = YES;
				CLANG_WARN_NON_LITERAL_NULL_CONVERSION = YES;
				CLANG_WARN_OBJC_IMPLICIT_RETAIN_SELF = YES;
				CLANG_WARN_OBJC_LITERAL_CONVERSION = YES;
				CLANG_WARN_OBJC_ROOT_CLASS = YES_ERROR;
				CLANG_WARN_RANGE_LOOP_ANALYSIS = YES;
				CLANG_WARN_STRICT_PROTOTYPES = YES;
				CLANG_WARN_SUSPICIOUS_MOVE = YES;
				CLANG_WARN_UNGUARDED_AVAILABILITY = YES_AGGRESSIVE;
				CLANG_WARN_UNREACHABLE_CODE = YES;
				CLANG_WARN__DUPLICATE_METHOD_MATCH = YES;
				COPY_PHASE_STRIP = NO;
				DEBUG_INFORMATION_FORMAT = dwarf;
				ENABLE_STRICT_OBJC_MSGSEND = YES;
				ENABLE_TESTABILITY = YES;
				GCC_C_LANGUAGE_STANDARD = gnu11;
				GCC_DYNAMIC_NO_PIC = NO;
				GCC_NO_COMMON_BLOCKS = YES;
				GCC_OPTIMIZATION_LEVEL = 0;
				GCC_PREPROCESSOR_DEFINITIONS = (
					"DEBUG=1",
					"$(inherited)",
				);
				GCC_WARN_64_TO_32_BIT_CONVERSION = YES;
				GCC_WARN_ABOUT_RETURN_TYPE = YES_ERROR;
				GCC_WARN_UNDECLARED_SELECTOR = YES;
				GCC_WARN_UNINITIALIZED_AUTOS = YES_AGGRESSIVE;
				GCC_WARN_UNUSED_FUNCTION = YES;
				GCC_WARN_UNUSED_VARIABLE = YES;
				IPHONEOS_DEPLOYMENT_TARGET = 13.2;
				MTL_ENABLE_DEBUG_INFO = INCLUDE_SOURCE;
				MTL_FAST_MATH = YES;
				ONLY_ACTIVE_ARCH = YES;
				SDKROOT = iphoneos;
				SWIFT_ACTIVE_COMPILATION_CONDITIONS = DEBUG;
				SWIFT_OPTIMIZATION_LEVEL = "-Onone";
			};
			name = Debug;
		};
		A16B44CA24B2FBF700053D6C /* Release */ = {
			isa = XCBuildConfiguration;
			buildSettings = {
				ALWAYS_SEARCH_USER_PATHS = NO;
				CLANG_ANALYZER_LOCALIZABILITY_NONLOCALIZED = YES;
				CLANG_ANALYZER_NONNULL = YES;
				CLANG_ANALYZER_NUMBER_OBJECT_CONVERSION = YES_AGGRESSIVE;
				CLANG_CXX_LANGUAGE_STANDARD = "gnu++14";
				CLANG_CXX_LIBRARY = "libc++";
				CLANG_ENABLE_MODULES = YES;
				CLANG_ENABLE_OBJC_ARC = YES;
				CLANG_ENABLE_OBJC_WEAK = YES;
				CLANG_WARN_BLOCK_CAPTURE_AUTORELEASING = YES;
				CLANG_WARN_BOOL_CONVERSION = YES;
				CLANG_WARN_COMMA = YES;
				CLANG_WARN_CONSTANT_CONVERSION = YES;
				CLANG_WARN_DEPRECATED_OBJC_IMPLEMENTATIONS = YES;
				CLANG_WARN_DIRECT_OBJC_ISA_USAGE = YES_ERROR;
				CLANG_WARN_DOCUMENTATION_COMMENTS = YES;
				CLANG_WARN_EMPTY_BODY = YES;
				CLANG_WARN_ENUM_CONVERSION = YES;
				CLANG_WARN_INFINITE_RECURSION = YES;
				CLANG_WARN_INT_CONVERSION = YES;
				CLANG_WARN_NON_LITERAL_NULL_CONVERSION = YES;
				CLANG_WARN_OBJC_IMPLICIT_RETAIN_SELF = YES;
				CLANG_WARN_OBJC_LITERAL_CONVERSION = YES;
				CLANG_WARN_OBJC_ROOT_CLASS = YES_ERROR;
				CLANG_WARN_RANGE_LOOP_ANALYSIS = YES;
				CLANG_WARN_STRICT_PROTOTYPES = YES;
				CLANG_WARN_SUSPICIOUS_MOVE = YES;
				CLANG_WARN_UNGUARDED_AVAILABILITY = YES_AGGRESSIVE;
				CLANG_WARN_UNREACHABLE_CODE = YES;
				CLANG_WARN__DUPLICATE_METHOD_MATCH = YES;
				COPY_PHASE_STRIP = NO;
				DEBUG_INFORMATION_FORMAT = "dwarf-with-dsym";
				ENABLE_NS_ASSERTIONS = NO;
				ENABLE_STRICT_OBJC_MSGSEND = YES;
				GCC_C_LANGUAGE_STANDARD = gnu11;
				GCC_NO_COMMON_BLOCKS = YES;
				GCC_WARN_64_TO_32_BIT_CONVERSION = YES;
				GCC_WARN_ABOUT_RETURN_TYPE = YES_ERROR;
				GCC_WARN_UNDECLARED_SELECTOR = YES;
				GCC_WARN_UNINITIALIZED_AUTOS = YES_AGGRESSIVE;
				GCC_WARN_UNUSED_FUNCTION = YES;
				GCC_WARN_UNUSED_VARIABLE = YES;
				IPHONEOS_DEPLOYMENT_TARGET = 13.2;
				MTL_ENABLE_DEBUG_INFO = NO;
				MTL_FAST_MATH = YES;
				SDKROOT = iphoneos;
				SWIFT_COMPILATION_MODE = wholemodule;
				SWIFT_OPTIMIZATION_LEVEL = "-O";
				VALIDATE_PRODUCT = YES;
			};
			name = Release;
		};
		A16B44CC24B2FBF700053D6C /* Debug */ = {
			isa = XCBuildConfiguration;
			buildSettings = {
				ASSETCATALOG_COMPILER_APPICON_NAME = AppIcon;
				CODE_SIGN_ENTITLEMENTS = CommunityMC3/CommunityMC3.entitlements;
				CODE_SIGN_IDENTITY = "iPhone Developer";
				CODE_SIGN_STYLE = Manual;
				DEVELOPMENT_TEAM = 7D734D7EN3;
				INFOPLIST_FILE = CommunityMC3/Info.plist;
				IPHONEOS_DEPLOYMENT_TARGET = 13.1;
				LD_RUNPATH_SEARCH_PATHS = (
					"$(inherited)",
					"@executable_path/Frameworks",
				);
				PRODUCT_BUNDLE_IDENTIFIER = ada.mc3.music;
				PRODUCT_NAME = "$(TARGET_NAME)";
				PROVISIONING_PROFILE_SPECIFIER = MusicCommunity;
				SWIFT_VERSION = 5.0;
				TARGETED_DEVICE_FAMILY = "1,2";
			};
			name = Debug;
		};
		A16B44CD24B2FBF700053D6C /* Release */ = {
			isa = XCBuildConfiguration;
			buildSettings = {
				ASSETCATALOG_COMPILER_APPICON_NAME = AppIcon;
				CODE_SIGN_ENTITLEMENTS = CommunityMC3/CommunityMC3.entitlements;
				CODE_SIGN_IDENTITY = "iPhone Developer";
				CODE_SIGN_STYLE = Manual;
				DEVELOPMENT_TEAM = 7D734D7EN3;
				INFOPLIST_FILE = CommunityMC3/Info.plist;
				IPHONEOS_DEPLOYMENT_TARGET = 13.1;
				LD_RUNPATH_SEARCH_PATHS = (
					"$(inherited)",
					"@executable_path/Frameworks",
				);
				PRODUCT_BUNDLE_IDENTIFIER = ada.mc3.music;
				PRODUCT_NAME = "$(TARGET_NAME)";
				PROVISIONING_PROFILE_SPECIFIER = MusicCommunity;
				SWIFT_VERSION = 5.0;
				TARGETED_DEVICE_FAMILY = "1,2";
			};
			name = Release;
		};
		A16B44CF24B2FBF700053D6C /* Debug */ = {
			isa = XCBuildConfiguration;
			buildSettings = {
				ALWAYS_EMBED_SWIFT_STANDARD_LIBRARIES = YES;
				BUNDLE_LOADER = "$(TEST_HOST)";
				CODE_SIGN_IDENTITY = "Apple Development";
				"CODE_SIGN_IDENTITY[sdk=macosx*]" = "Apple Development";
				CODE_SIGN_STYLE = Manual;
				DEVELOPMENT_TEAM = 7D734D7EN3;
				INFOPLIST_FILE = CommunityMC3Tests/Info.plist;
				IPHONEOS_DEPLOYMENT_TARGET = 13.2;
				LD_RUNPATH_SEARCH_PATHS = (
					"$(inherited)",
					"@executable_path/Frameworks",
					"@loader_path/Frameworks",
				);
				PRODUCT_BUNDLE_IDENTIFIER = com.herokuapp.CommunityMC3Tests;
				PRODUCT_NAME = "$(TARGET_NAME)";
				PROVISIONING_PROFILE_SPECIFIER = "";
				"PROVISIONING_PROFILE_SPECIFIER[sdk=macosx*]" = "";
				SWIFT_VERSION = 5.0;
				TARGETED_DEVICE_FAMILY = "1,2";
				TEST_HOST = "$(BUILT_PRODUCTS_DIR)/CommunityMC3.app/CommunityMC3";
			};
			name = Debug;
		};
		A16B44D024B2FBF700053D6C /* Release */ = {
			isa = XCBuildConfiguration;
			buildSettings = {
				ALWAYS_EMBED_SWIFT_STANDARD_LIBRARIES = YES;
				BUNDLE_LOADER = "$(TEST_HOST)";
				CODE_SIGN_IDENTITY = "Apple Development";
				"CODE_SIGN_IDENTITY[sdk=macosx*]" = "Apple Development";
				CODE_SIGN_STYLE = Manual;
				DEVELOPMENT_TEAM = 7D734D7EN3;
				INFOPLIST_FILE = CommunityMC3Tests/Info.plist;
				IPHONEOS_DEPLOYMENT_TARGET = 13.2;
				LD_RUNPATH_SEARCH_PATHS = (
					"$(inherited)",
					"@executable_path/Frameworks",
					"@loader_path/Frameworks",
				);
				PRODUCT_BUNDLE_IDENTIFIER = com.herokuapp.CommunityMC3Tests;
				PRODUCT_NAME = "$(TARGET_NAME)";
				PROVISIONING_PROFILE_SPECIFIER = "";
				"PROVISIONING_PROFILE_SPECIFIER[sdk=macosx*]" = "";
				SWIFT_VERSION = 5.0;
				TARGETED_DEVICE_FAMILY = "1,2";
				TEST_HOST = "$(BUILT_PRODUCTS_DIR)/CommunityMC3.app/CommunityMC3";
			};
			name = Release;
		};
		A16B44D224B2FBF700053D6C /* Debug */ = {
			isa = XCBuildConfiguration;
			buildSettings = {
				ALWAYS_EMBED_SWIFT_STANDARD_LIBRARIES = YES;
				"CODE_SIGN_IDENTITY[sdk=macosx*]" = "Apple Development";
				CODE_SIGN_STYLE = Manual;
				DEVELOPMENT_TEAM = "";
				INFOPLIST_FILE = CommunityMC3UITests/Info.plist;
				LD_RUNPATH_SEARCH_PATHS = (
					"$(inherited)",
					"@executable_path/Frameworks",
					"@loader_path/Frameworks",
				);
				PRODUCT_BUNDLE_IDENTIFIER = com.herokuapp.CommunityMC3UITests;
				PRODUCT_NAME = "$(TARGET_NAME)";
				PROVISIONING_PROFILE_SPECIFIER = "";
				"PROVISIONING_PROFILE_SPECIFIER[sdk=macosx*]" = "";
				SWIFT_VERSION = 5.0;
				TARGETED_DEVICE_FAMILY = "1,2";
				TEST_TARGET_NAME = CommunityMC3;
			};
			name = Debug;
		};
		A16B44D324B2FBF700053D6C /* Release */ = {
			isa = XCBuildConfiguration;
			buildSettings = {
				ALWAYS_EMBED_SWIFT_STANDARD_LIBRARIES = YES;
				"CODE_SIGN_IDENTITY[sdk=macosx*]" = "Apple Development";
				CODE_SIGN_STYLE = Manual;
				DEVELOPMENT_TEAM = "";
				INFOPLIST_FILE = CommunityMC3UITests/Info.plist;
				LD_RUNPATH_SEARCH_PATHS = (
					"$(inherited)",
					"@executable_path/Frameworks",
					"@loader_path/Frameworks",
				);
				PRODUCT_BUNDLE_IDENTIFIER = com.herokuapp.CommunityMC3UITests;
				PRODUCT_NAME = "$(TARGET_NAME)";
				PROVISIONING_PROFILE_SPECIFIER = "";
				"PROVISIONING_PROFILE_SPECIFIER[sdk=macosx*]" = "";
				SWIFT_VERSION = 5.0;
				TARGETED_DEVICE_FAMILY = "1,2";
				TEST_TARGET_NAME = CommunityMC3;
			};
			name = Release;
		};
/* End XCBuildConfiguration section */

/* Begin XCConfigurationList section */
		A16B449A24B2FBF200053D6C /* Build configuration list for PBXProject "CommunityMC3" */ = {
			isa = XCConfigurationList;
			buildConfigurations = (
				A16B44C924B2FBF700053D6C /* Debug */,
				A16B44CA24B2FBF700053D6C /* Release */,
			);
			defaultConfigurationIsVisible = 0;
			defaultConfigurationName = Release;
		};
		A16B44CB24B2FBF700053D6C /* Build configuration list for PBXNativeTarget "CommunityMC3" */ = {
			isa = XCConfigurationList;
			buildConfigurations = (
				A16B44CC24B2FBF700053D6C /* Debug */,
				A16B44CD24B2FBF700053D6C /* Release */,
			);
			defaultConfigurationIsVisible = 0;
			defaultConfigurationName = Release;
		};
		A16B44CE24B2FBF700053D6C /* Build configuration list for PBXNativeTarget "CommunityMC3Tests" */ = {
			isa = XCConfigurationList;
			buildConfigurations = (
				A16B44CF24B2FBF700053D6C /* Debug */,
				A16B44D024B2FBF700053D6C /* Release */,
			);
			defaultConfigurationIsVisible = 0;
			defaultConfigurationName = Release;
		};
		A16B44D124B2FBF700053D6C /* Build configuration list for PBXNativeTarget "CommunityMC3UITests" */ = {
			isa = XCConfigurationList;
			buildConfigurations = (
				A16B44D224B2FBF700053D6C /* Debug */,
				A16B44D324B2FBF700053D6C /* Release */,
			);
			defaultConfigurationIsVisible = 0;
			defaultConfigurationName = Release;
		};
/* End XCConfigurationList section */

/* Begin XCVersionGroup section */
		A15C4D1724C5038C00ED0C0E /* DB_Model.xcdatamodeld */ = {
			isa = XCVersionGroup;
			children = (
				A15C4D1824C5038C00ED0C0E /* DB_Model.xcdatamodel */,
			);
			currentVersion = A15C4D1824C5038C00ED0C0E /* DB_Model.xcdatamodel */;
			path = DB_Model.xcdatamodeld;
			sourceTree = "<group>";
			versionGroupType = wrapper.xcdatamodel;
		};
/* End XCVersionGroup section */
	};
	rootObject = A16B449724B2FBF200053D6C /* Project object */;
}
